
Microsoft Visual Studio Solution File, Format Version 12.00
# Visual Studio Version 17
VisualStudioVersion = 17.13.36105.23
MinimumVisualStudioVersion = 10.0.40219.1
Project("{FAE04EC0-301F-11D3-BF4B-00C04F79EFBC}") = "wk_01_ggt_kgv_rechner", "HelloWorld\wk_01_ggt_kgv_rechner.csproj", "{650FBA61-F92C-4D52-953D-B6D2C2C6FA1A}"
EndProject
Project("{FAE04EC0-301F-11D3-BF4B-00C04F79EFBC}") = "wk_01_number_guessing_game", "number_guessing_game\wk_01_number_guessing_game.csproj", "{7E3A1CDC-F79E-43DB-ABD7-70ABA40CF8AE}"
EndProject
Project("{FAE04EC0-301F-11D3-BF4B-00C04F79EFBC}") = "wk_02_repetition_w01", "repetition_w01\wk_02_repetition_w01.csproj", "{09CC76AA-E2DC-4578-82E6-9B0C22898470}"
EndProject
Project("{FAE04EC0-301F-11D3-BF4B-00C04F79EFBC}") = "wk02_a2_felder", "wk02_a2_felder\wk02_a2_felder.csproj", "{FE7D6DE7-575D-42AC-A046-90C0DC0E9707}"
EndProject
Project("{FAE04EC0-301F-11D3-BF4B-00C04F79EFBC}") = "wk02_a3_calculator", "wk02_a3_calculator\wk02_a3_calculator.csproj", "{9A31DC6B-45EC-4AB1-99F2-295726EE9ECC}"
EndProject
Project("{FAE04EC0-301F-11D3-BF4B-00C04F79EFBC}") = "wk02_a4_shapes", "wk02_a4_shapes\wk02_a4_shapes.csproj", "{DA0AECBE-DA18-4D54-BBB0-4C566F226729}"
EndProject
Project("{FAE04EC0-301F-11D3-BF4B-00C04F79EFBC}") = "wk02_a3_calculatro_solution", "wk02_a3_calculatro_solution\wk02_a3_calculatro_solution.csproj", "{76579EB6-28D6-43D4-B969-21A19C3F65AB}"
EndProject
Project("{FAE04EC0-301F-11D3-BF4B-00C04F79EFBC}") = "wk03_a7_kapselung", "wk03_a7_kapselung\wk03_a7_kapselung.csproj", "{8B8236BA-EB28-41AB-931E-9F7F760913F8}"
EndProject
Project("{FAE04EC0-301F-11D3-BF4B-00C04F79EFBC}") = "wk03_a6_eigenschaften", "wk03_a6_eigenschaften\wk03_a6_eigenschaften.csproj", "{70F965D2-0834-49C5-8D39-4A980C7AB925}"
EndProject
Project("{FAE04EC0-301F-11D3-BF4B-00C04F79EFBC}") = "wk04_a1_kunde_buch", "wk04_a1_kunde_buch\wk04_a1_kunde_buch.csproj", "{A070290B-608D-443B-A774-AA099D42E758}"
EndProject
Project("{FAE04EC0-301F-11D3-BF4B-00C04F79EFBC}") = "wk04_a2_firma_mitarbeiter", "wk04_a2_firma_mitarbeiter\wk04_a2_firma_mitarbeiter.csproj", "{EE1B2B06-DC69-4809-80CF-5337CDB7D06C}"
EndProject
Project("{FAE04EC0-301F-11D3-BF4B-00C04F79EFBC}") = "wk04_a3_konto_kunde", "wk04_a3_konto_kunde\wk04_a3_konto_kunde.csproj", "{7FC4890D-0351-4452-AD28-1CA7C5D6373A}"
EndProject
Project("{FAE04EC0-301F-11D3-BF4B-00C04F79EFBC}") = "wk04_a4_fussballmanschaft", "wk04_a4_fussballmanschaft\wk04_a4_fussballmanschaft.csproj", "{FDA14959-C15B-4F68-9446-F04AC56DA58A}"
EndProject
Project("{FAE04EC0-301F-11D3-BF4B-00C04F79EFBC}") = "wk04_a5_hotel", "wk04_a5_hotel\wk04_a5_hotel.csproj", "{C3023416-6A6D-4115-AFE0-0C2EDAC25FC6}"
EndProject
Project("{FAE04EC0-301F-11D3-BF4B-00C04F79EFBC}") = "wk05_a1_lidl", "wk05_a1_lidl\wk05_a1_lidl.csproj", "{17DA519E-070E-4FA1-AB7E-F5A4788C5F6E}"
EndProject
Project("{FAE04EC0-301F-11D3-BF4B-00C04F79EFBC}") = "wk06_a1_OO_Calculator", "wk06_a1_OO_Calculator\wk06_a1_OO_Calculator.csproj", "{AD4E76EF-5CCE-4507-8475-3BA982FBA731}"
EndProject
Project("{FAE04EC0-301F-11D3-BF4B-00C04F79EFBC}") = "wk06_a2_Wasserfass", "wk06_a2_Wasserfass\wk06_a2_Wasserfass.csproj", "{91489576-7F17-40E5-A369-6D01D2479F13}"
EndProject
Project("{FAE04EC0-301F-11D3-BF4B-00C04F79EFBC}") = "wk06_a2_WasserfassTests", "wk06_a2_WasserfassTests\wk06_a2_WasserfassTests.csproj", "{263F645C-850F-4303-B7E4-CBB6444CBBFD}"
EndProject
Global
	GlobalSection(SolutionConfigurationPlatforms) = preSolution
		Debug|Any CPU = Debug|Any CPU
		Release|Any CPU = Release|Any CPU
	EndGlobalSection
	GlobalSection(ProjectConfigurationPlatforms) = postSolution
		{650FBA61-F92C-4D52-953D-B6D2C2C6FA1A}.Debug|Any CPU.ActiveCfg = Debug|Any CPU
		{650FBA61-F92C-4D52-953D-B6D2C2C6FA1A}.Debug|Any CPU.Build.0 = Debug|Any CPU
		{650FBA61-F92C-4D52-953D-B6D2C2C6FA1A}.Release|Any CPU.ActiveCfg = Release|Any CPU
		{650FBA61-F92C-4D52-953D-B6D2C2C6FA1A}.Release|Any CPU.Build.0 = Release|Any CPU
		{7E3A1CDC-F79E-43DB-ABD7-70ABA40CF8AE}.Debug|Any CPU.ActiveCfg = Debug|Any CPU
		{7E3A1CDC-F79E-43DB-ABD7-70ABA40CF8AE}.Debug|Any CPU.Build.0 = Debug|Any CPU
		{7E3A1CDC-F79E-43DB-ABD7-70ABA40CF8AE}.Release|Any CPU.ActiveCfg = Release|Any CPU
		{7E3A1CDC-F79E-43DB-ABD7-70ABA40CF8AE}.Release|Any CPU.Build.0 = Release|Any CPU
		{09CC76AA-E2DC-4578-82E6-9B0C22898470}.Debug|Any CPU.ActiveCfg = Debug|Any CPU
		{09CC76AA-E2DC-4578-82E6-9B0C22898470}.Debug|Any CPU.Build.0 = Debug|Any CPU
		{09CC76AA-E2DC-4578-82E6-9B0C22898470}.Release|Any CPU.ActiveCfg = Release|Any CPU
		{09CC76AA-E2DC-4578-82E6-9B0C22898470}.Release|Any CPU.Build.0 = Release|Any CPU
		{FE7D6DE7-575D-42AC-A046-90C0DC0E9707}.Debug|Any CPU.ActiveCfg = Debug|Any CPU
		{FE7D6DE7-575D-42AC-A046-90C0DC0E9707}.Debug|Any CPU.Build.0 = Debug|Any CPU
		{FE7D6DE7-575D-42AC-A046-90C0DC0E9707}.Release|Any CPU.ActiveCfg = Release|Any CPU
		{FE7D6DE7-575D-42AC-A046-90C0DC0E9707}.Release|Any CPU.Build.0 = Release|Any CPU
		{9A31DC6B-45EC-4AB1-99F2-295726EE9ECC}.Debug|Any CPU.ActiveCfg = Debug|Any CPU
		{9A31DC6B-45EC-4AB1-99F2-295726EE9ECC}.Debug|Any CPU.Build.0 = Debug|Any CPU
		{9A31DC6B-45EC-4AB1-99F2-295726EE9ECC}.Release|Any CPU.ActiveCfg = Release|Any CPU
		{9A31DC6B-45EC-4AB1-99F2-295726EE9ECC}.Release|Any CPU.Build.0 = Release|Any CPU
		{DA0AECBE-DA18-4D54-BBB0-4C566F226729}.Debug|Any CPU.ActiveCfg = Debug|Any CPU
		{DA0AECBE-DA18-4D54-BBB0-4C566F226729}.Debug|Any CPU.Build.0 = Debug|Any CPU
		{DA0AECBE-DA18-4D54-BBB0-4C566F226729}.Release|Any CPU.ActiveCfg = Release|Any CPU
		{DA0AECBE-DA18-4D54-BBB0-4C566F226729}.Release|Any CPU.Build.0 = Release|Any CPU
		{76579EB6-28D6-43D4-B969-21A19C3F65AB}.Debug|Any CPU.ActiveCfg = Debug|Any CPU
		{76579EB6-28D6-43D4-B969-21A19C3F65AB}.Debug|Any CPU.Build.0 = Debug|Any CPU
		{76579EB6-28D6-43D4-B969-21A19C3F65AB}.Release|Any CPU.ActiveCfg = Release|Any CPU
		{76579EB6-28D6-43D4-B969-21A19C3F65AB}.Release|Any CPU.Build.0 = Release|Any CPU
		{8B8236BA-EB28-41AB-931E-9F7F760913F8}.Debug|Any CPU.ActiveCfg = Debug|Any CPU
		{8B8236BA-EB28-41AB-931E-9F7F760913F8}.Debug|Any CPU.Build.0 = Debug|Any CPU
		{8B8236BA-EB28-41AB-931E-9F7F760913F8}.Release|Any CPU.ActiveCfg = Release|Any CPU
		{8B8236BA-EB28-41AB-931E-9F7F760913F8}.Release|Any CPU.Build.0 = Release|Any CPU
		{70F965D2-0834-49C5-8D39-4A980C7AB925}.Debug|Any CPU.ActiveCfg = Debug|Any CPU
		{70F965D2-0834-49C5-8D39-4A980C7AB925}.Debug|Any CPU.Build.0 = Debug|Any CPU
		{70F965D2-0834-49C5-8D39-4A980C7AB925}.Release|Any CPU.ActiveCfg = Release|Any CPU
		{70F965D2-0834-49C5-8D39-4A980C7AB925}.Release|Any CPU.Build.0 = Release|Any CPU
		{A070290B-608D-443B-A774-AA099D42E758}.Debug|Any CPU.ActiveCfg = Debug|Any CPU
		{A070290B-608D-443B-A774-AA099D42E758}.Debug|Any CPU.Build.0 = Debug|Any CPU
		{A070290B-608D-443B-A774-AA099D42E758}.Release|Any CPU.ActiveCfg = Release|Any CPU
		{A070290B-608D-443B-A774-AA099D42E758}.Release|Any CPU.Build.0 = Release|Any CPU
		{EE1B2B06-DC69-4809-80CF-5337CDB7D06C}.Debug|Any CPU.ActiveCfg = Debug|Any CPU
		{EE1B2B06-DC69-4809-80CF-5337CDB7D06C}.Debug|Any CPU.Build.0 = Debug|Any CPU
		{EE1B2B06-DC69-4809-80CF-5337CDB7D06C}.Release|Any CPU.ActiveCfg = Release|Any CPU
		{EE1B2B06-DC69-4809-80CF-5337CDB7D06C}.Release|Any CPU.Build.0 = Release|Any CPU
		{7FC4890D-0351-4452-AD28-1CA7C5D6373A}.Debug|Any CPU.ActiveCfg = Debug|Any CPU
		{7FC4890D-0351-4452-AD28-1CA7C5D6373A}.Debug|Any CPU.Build.0 = Debug|Any CPU
		{7FC4890D-0351-4452-AD28-1CA7C5D6373A}.Release|Any CPU.ActiveCfg = Release|Any CPU
		{7FC4890D-0351-4452-AD28-1CA7C5D6373A}.Release|Any CPU.Build.0 = Release|Any CPU
		{FDA14959-C15B-4F68-9446-F04AC56DA58A}.Debug|Any CPU.ActiveCfg = Debug|Any CPU
		{FDA14959-C15B-4F68-9446-F04AC56DA58A}.Debug|Any CPU.Build.0 = Debug|Any CPU
		{FDA14959-C15B-4F68-9446-F04AC56DA58A}.Release|Any CPU.ActiveCfg = Release|Any CPU
		{FDA14959-C15B-4F68-9446-F04AC56DA58A}.Release|Any CPU.Build.0 = Release|Any CPU
		{C3023416-6A6D-4115-AFE0-0C2EDAC25FC6}.Debug|Any CPU.ActiveCfg = Debug|Any CPU
		{C3023416-6A6D-4115-AFE0-0C2EDAC25FC6}.Debug|Any CPU.Build.0 = Debug|Any CPU
		{C3023416-6A6D-4115-AFE0-0C2EDAC25FC6}.Release|Any CPU.ActiveCfg = Release|Any CPU
		{C3023416-6A6D-4115-AFE0-0C2EDAC25FC6}.Release|Any CPU.Build.0 = Release|Any CPU
		{17DA519E-070E-4FA1-AB7E-F5A4788C5F6E}.Debug|Any CPU.ActiveCfg = Debug|Any CPU
		{17DA519E-070E-4FA1-AB7E-F5A4788C5F6E}.Debug|Any CPU.Build.0 = Debug|Any CPU
		{17DA519E-070E-4FA1-AB7E-F5A4788C5F6E}.Release|Any CPU.ActiveCfg = Release|Any CPU
		{17DA519E-070E-4FA1-AB7E-F5A4788C5F6E}.Release|Any CPU.Build.0 = Release|Any CPU
		{AD4E76EF-5CCE-4507-8475-3BA982FBA731}.Debug|Any CPU.ActiveCfg = Debug|Any CPU
		{AD4E76EF-5CCE-4507-8475-3BA982FBA731}.Debug|Any CPU.Build.0 = Debug|Any CPU
		{AD4E76EF-5CCE-4507-8475-3BA982FBA731}.Release|Any CPU.ActiveCfg = Release|Any CPU
		{AD4E76EF-5CCE-4507-8475-3BA982FBA731}.Release|Any CPU.Build.0 = Release|Any CPU
		{91489576-7F17-40E5-A369-6D01D2479F13}.Debug|Any CPU.ActiveCfg = Debug|Any CPU
		{91489576-7F17-40E5-A369-6D01D2479F13}.Debug|Any CPU.Build.0 = Debug|Any CPU
		{91489576-7F17-40E5-A369-6D01D2479F13}.Release|Any CPU.ActiveCfg = Release|Any CPU
		{91489576-7F17-40E5-A369-6D01D2479F13}.Release|Any CPU.Build.0 = Release|Any CPU
		{263F645C-850F-4303-B7E4-CBB6444CBBFD}.Debug|Any CPU.ActiveCfg = Debug|Any CPU
		{263F645C-850F-4303-B7E4-CBB6444CBBFD}.Debug|Any CPU.Build.0 = Debug|Any CPU
		{263F645C-850F-4303-B7E4-CBB6444CBBFD}.Release|Any CPU.ActiveCfg = Release|Any CPU
		{263F645C-850F-4303-B7E4-CBB6444CBBFD}.Release|Any CPU.Build.0 = Release|Any CPU
	EndGlobalSection
	GlobalSection(SolutionProperties) = preSolution
		HideSolutionNode = FALSE
	EndGlobalSection
	GlobalSection(ExtensibilityGlobals) = postSolution
		SolutionGuid = {C4FC0ACC-DC05-41E5-AC88-EF6C57A9A037}
	EndGlobalSection
EndGlobal
