
Microsoft Visual Studio Solution File, Format Version 12.00
# Visual Studio Version 17
VisualStudioVersion = 17.13.36105.23
MinimumVisualStudioVersion = 10.0.40219.1
Project("{FAE04EC0-301F-11D3-BF4B-00C04F79EFBC}") = "wk_01_ggt_kgv_rechner", "HelloWorld\wk_01_ggt_kgv_rechner.csproj", "{650FBA61-F92C-4D52-953D-B6D2C2C6FA1A}"
EndProject
Project("{FAE04EC0-301F-11D3-BF4B-00C04F79EFBC}") = "wk_01_number_guessing_game", "number_guessing_game\wk_01_number_guessing_game.csproj", "{7E3A1CDC-F79E-43DB-ABD7-70ABA40CF8AE}"
EndProject
Project("{FAE04EC0-301F-11D3-BF4B-00C04F79EFBC}") = "wk_02_repetition_w01", "repetition_w01\wk_02_repetition_w01.csproj", "{09CC76AA-E2DC-4578-82E6-9B0C22898470}"
EndProject
Global
	GlobalSection(SolutionConfigurationPlatforms) = preSolution
		Debug|Any CPU = Debug|Any CPU
		Release|Any CPU = Release|Any CPU
	EndGlobalSection
	GlobalSection(ProjectConfigurationPlatforms) = postSolution
		{650FBA61-F92C-4D52-953D-B6D2C2C6FA1A}.Debug|Any CPU.ActiveCfg = Debug|Any CPU
		{650FBA61-F92C-4D52-953D-B6D2C2C6FA1A}.Debug|Any CPU.Build.0 = Debug|Any CPU
		{650FBA61-F92C-4D52-953D-B6D2C2C6FA1A}.Release|Any CPU.ActiveCfg = Release|Any CPU
		{650FBA61-F92C-4D52-953D-B6D2C2C6FA1A}.Release|Any CPU.Build.0 = Release|Any CPU
		{7E3A1CDC-F79E-43DB-ABD7-70ABA40CF8AE}.Debug|Any CPU.ActiveCfg = Debug|Any CPU
		{7E3A1CDC-F79E-43DB-ABD7-70ABA40CF8AE}.Debug|Any CPU.Build.0 = Debug|Any CPU
		{7E3A1CDC-F79E-43DB-ABD7-70ABA40CF8AE}.Release|Any CPU.ActiveCfg = Release|Any CPU
		{7E3A1CDC-F79E-43DB-ABD7-70ABA40CF8AE}.Release|Any CPU.Build.0 = Release|Any CPU
		{09CC76AA-E2DC-4578-82E6-9B0C22898470}.Debug|Any CPU.ActiveCfg = Debug|Any CPU
		{09CC76AA-E2DC-4578-82E6-9B0C22898470}.Debug|Any CPU.Build.0 = Debug|Any CPU
		{09CC76AA-E2DC-4578-82E6-9B0C22898470}.Release|Any CPU.ActiveCfg = Release|Any CPU
		{09CC76AA-E2DC-4578-82E6-9B0C22898470}.Release|Any CPU.Build.0 = Release|Any CPU
	EndGlobalSection
	GlobalSection(SolutionProperties) = preSolution
		HideSolutionNode = FALSE
	EndGlobalSection
	GlobalSection(ExtensibilityGlobals) = postSolution
		SolutionGuid = {C4FC0ACC-DC05-41E5-AC88-EF6C57A9A037}
	EndGlobalSection
EndGlobal
